
Microsoft Visual Studio Solution File, Format Version 12.00
# Visual Studio 14
VisualStudioVersion = 14.0.25420.1
MinimumVisualStudioVersion = 10.0.40219.1
Project("{2150E333-8FDC-42A3-9474-1A3956D46DE8}") = "Readme", "Readme", "{A260713E-3A6C-4704-9780-A5E84F4B7FFE}"
	ProjectSection(SolutionItems) = preProject
		readme.md = readme.md
	EndProjectSection
EndProject
Project("{2150E333-8FDC-42A3-9474-1A3956D46DE8}") = "1_Archiving", "1_Archiving", "{37768BC7-CBF6-44B9-9D68-608F77002768}"
	ProjectSection(SolutionItems) = preProject
		1_Archiving\readme.md = 1_Archiving\readme.md
		1_Archiving\readme_CH.md = 1_Archiving\readme_CH.md
	EndProjectSection
EndProject
Global
	GlobalSection(SolutionProperties) = preSolution
		HideSolutionNode = FALSE
	EndGlobalSection
EndGlobal
